
Microsoft Visual Studio Solution File, Format Version 12.00
# Visual Studio Version 17
VisualStudioVersion = 17.4.33110.190
MinimumVisualStudioVersion = 10.0.40219.1
Project("{FAE04EC0-301F-11D3-BF4B-00C04F79EFBC}") = "GPOI_AppGrafi", "GPOI_AppGrafi.csproj", "{05538C06-9456-480A-95D7-43D5DDD0F5A9}"
EndProject
Global
	GlobalSection(SolutionConfigurationPlatforms) = preSolution
		Debug|Any CPU = Debug|Any CPU
		Release|Any CPU = Release|Any CPU
	EndGlobalSection
	GlobalSection(ProjectConfigurationPlatforms) = postSolution
		{05538C06-9456-480A-95D7-43D5DDD0F5A9}.Debug|Any CPU.ActiveCfg = Debug|Any CPU
		{05538C06-9456-480A-95D7-43D5DDD0F5A9}.Debug|Any CPU.Build.0 = Debug|Any CPU
		{05538C06-9456-480A-95D7-43D5DDD0F5A9}.Release|Any CPU.ActiveCfg = Release|Any CPU
		{05538C06-9456-480A-95D7-43D5DDD0F5A9}.Release|Any CPU.Build.0 = Release|Any CPU
	EndGlobalSection
	GlobalSection(SolutionProperties) = preSolution
		HideSolutionNode = FALSE
	EndGlobalSection
	GlobalSection(ExtensibilityGlobals) = postSolution
		SolutionGuid = {9D6BF55B-919D-4EE8-A278-8AFC3B820D65}
	EndGlobalSection
EndGlobal
